{
  "name": "@ruffle-rs/ruffle",
  "version": "0.1.0-nightly.2024.07.30",
  "lockfileVersion": 3,
  "requires": true,
  "packages": {
    "": {
      "name": "@ruffle-rs/ruffle",
      "version": "0.1.0-nightly.2024.07.30",
      "license": "(MIT OR Apache-2.0)",
      "dependencies": {
        "@ruffle-rs/ruffle": "file:"
      }
    },
    "node_modules/@ruffle-rs/ruffle": {
      "resolved": "",
      "link": true
    }
  }
}
